// !$*UTF8*$!
{
	archiveVersion = 1;
	classes = {
	};
	objectVersion = 46;
	objects = {

/* Begin PBXBuildFile section */
		09013AF0052584DC57D68076 /* Pods_RxSwiftWebinar.framework in Frameworks */ = {isa = PBXBuildFile; fileRef = 3D51A1B1076B3C979DDD42CD /* Pods_RxSwiftWebinar.framework */; };
		BE1574A91F4CBE92003CEAEE /* AppDelegate.swift in Sources */ = {isa = PBXBuildFile; fileRef = BE1574A81F4CBE92003CEAEE /* AppDelegate.swift */; };
		BE1574AE1F4CBE92003CEAEE /* Main.storyboard in Resources */ = {isa = PBXBuildFile; fileRef = BE1574AC1F4CBE92003CEAEE /* Main.storyboard */; };
		BE1574B01F4CBE92003CEAEE /* Assets.xcassets in Resources */ = {isa = PBXBuildFile; fileRef = BE1574AF1F4CBE92003CEAEE /* Assets.xcassets */; };
		BE1574B31F4CBE92003CEAEE /* LaunchScreen.storyboard in Resources */ = {isa = PBXBuildFile; fileRef = BE1574B11F4CBE92003CEAEE /* LaunchScreen.storyboard */; };
		BE58AEB01F4CBFA80071E3A2 /* Contact.swift in Sources */ = {isa = PBXBuildFile; fileRef = BE58AEAF1F4CBFA80071E3A2 /* Contact.swift */; };
		BE58AEB21F4CBFBE0071E3A2 /* ContactListViewController.swift in Sources */ = {isa = PBXBuildFile; fileRef = BE58AEB11F4CBFBE0071E3A2 /* ContactListViewController.swift */; };
		BE58AEB41F4CBFD50071E3A2 /* ContactListViewModel.swift in Sources */ = {isa = PBXBuildFile; fileRef = BE58AEB31F4CBFD50071E3A2 /* ContactListViewModel.swift */; };
/* End PBXBuildFile section */

/* Begin PBXFileReference section */
		3D51A1B1076B3C979DDD42CD /* Pods_RxSwiftWebinar.framework */ = {isa = PBXFileReference; explicitFileType = wrapper.framework; includeInIndex = 0; path = Pods_RxSwiftWebinar.framework; sourceTree = BUILT_PRODUCTS_DIR; };
		BE1574A51F4CBE92003CEAEE /* RxSwiftWebinar.app */ = {isa = PBXFileReference; explicitFileType = wrapper.application; includeInIndex = 0; path = RxSwiftWebinar.app; sourceTree = BUILT_PRODUCTS_DIR; };
		BE1574A81F4CBE92003CEAEE /* AppDelegate.swift */ = {isa = PBXFileReference; lastKnownFileType = sourcecode.swift; path = AppDelegate.swift; sourceTree = "<group>"; };
		BE1574AD1F4CBE92003CEAEE /* Base */ = {isa = PBXFileReference; lastKnownFileType = file.storyboard; name = Base; path = Base.lproj/Main.storyboard; sourceTree = "<group>"; };
		BE1574AF1F4CBE92003CEAEE /* Assets.xcassets */ = {isa = PBXFileReference; lastKnownFileType = folder.assetcatalog; path = Assets.xcassets; sourceTree = "<group>"; };
		BE1574B21F4CBE92003CEAEE /* Base */ = {isa = PBXFileReference; lastKnownFileType = file.storyboard; name = Base; path = Base.lproj/LaunchScreen.storyboard; sourceTree = "<group>"; };
		BE1574B41F4CBE92003CEAEE /* Info.plist */ = {isa = PBXFileReference; lastKnownFileType = text.plist.xml; path = Info.plist; sourceTree = "<group>"; };
		BE58AEAF1F4CBFA80071E3A2 /* Contact.swift */ = {isa = PBXFileReference; fileEncoding = 4; lastKnownFileType = sourcecode.swift; path = Contact.swift; sourceTree = "<group>"; };
		BE58AEB11F4CBFBE0071E3A2 /* ContactListViewController.swift */ = {isa = PBXFileReference; fileEncoding = 4; lastKnownFileType = sourcecode.swift; path = ContactListViewController.swift; sourceTree = "<group>"; };
		BE58AEB31F4CBFD50071E3A2 /* ContactListViewModel.swift */ = {isa = PBXFileReference; fileEncoding = 4; lastKnownFileType = sourcecode.swift; path = ContactListViewModel.swift; sourceTree = "<group>"; };
		C2013AFBDA57D75AD45E0BF5 /* Pods-RxSwiftWebinar.debug.xcconfig */ = {isa = PBXFileReference; includeInIndex = 1; lastKnownFileType = text.xcconfig; name = "Pods-RxSwiftWebinar.debug.xcconfig"; path = "Pods/Target Support Files/Pods-RxSwiftWebinar/Pods-RxSwiftWebinar.debug.xcconfig"; sourceTree = "<group>"; };
		D7A8D05D0A209E612AB5EB4B /* Pods-RxSwiftWebinar.release.xcconfig */ = {isa = PBXFileReference; includeInIndex = 1; lastKnownFileType = text.xcconfig; name = "Pods-RxSwiftWebinar.release.xcconfig"; path = "Pods/Target Support Files/Pods-RxSwiftWebinar/Pods-RxSwiftWebinar.release.xcconfig"; sourceTree = "<group>"; };
/* End PBXFileReference section */

/* Begin PBXFrameworksBuildPhase section */
		BE1574A21F4CBE92003CEAEE /* Frameworks */ = {
			isa = PBXFrameworksBuildPhase;
			buildActionMask = 2147483647;
			files = (
				09013AF0052584DC57D68076 /* Pods_RxSwiftWebinar.framework in Frameworks */,
			);
			runOnlyForDeploymentPostprocessing = 0;
		};
/* End PBXFrameworksBuildPhase section */

/* Begin PBXGroup section */
		10BD84D8D1C86408AACDB5BF /* Frameworks */ = {
			isa = PBXGroup;
			children = (
				3D51A1B1076B3C979DDD42CD /* Pods_RxSwiftWebinar.framework */,
			);
			name = Frameworks;
			sourceTree = "<group>";
		};
		A9317F4A85879D40F1758147 /* Pods */ = {
			isa = PBXGroup;
			children = (
				C2013AFBDA57D75AD45E0BF5 /* Pods-RxSwiftWebinar.debug.xcconfig */,
				D7A8D05D0A209E612AB5EB4B /* Pods-RxSwiftWebinar.release.xcconfig */,
			);
			name = Pods;
			sourceTree = "<group>";
		};
		BE15749C1F4CBE92003CEAEE = {
			isa = PBXGroup;
			children = (
				BE1574A71F4CBE92003CEAEE /* RxSwiftWebinar */,
				BE1574A61F4CBE92003CEAEE /* Products */,
				A9317F4A85879D40F1758147 /* Pods */,
				10BD84D8D1C86408AACDB5BF /* Frameworks */,
			);
			sourceTree = "<group>";
		};
		BE1574A61F4CBE92003CEAEE /* Products */ = {
			isa = PBXGroup;
			children = (
				BE1574A51F4CBE92003CEAEE /* RxSwiftWebinar.app */,
			);
			name = Products;
			sourceTree = "<group>";
		};
		BE1574A71F4CBE92003CEAEE /* RxSwiftWebinar */ = {
			isa = PBXGroup;
			children = (
				BE58AEAE1F4CBF810071E3A2 /* App */,
				BE58AEA91F4CBF5E0071E3A2 /* Contact */,
			);
			path = RxSwiftWebinar;
			sourceTree = "<group>";
		};
		BE58AEA91F4CBF5E0071E3A2 /* Contact */ = {
			isa = PBXGroup;
			children = (
				BE58AEAD1F4CBF7A0071E3A2 /* ViewModels */,
				BE58AEAC1F4CBF750071E3A2 /* Controllers */,
				BE58AEAB1F4CBF690071E3A2 /* Views */,
				BE58AEAA1F4CBF650071E3A2 /* Models */,
			);
			name = Contact;
			sourceTree = "<group>";
		};
		BE58AEAA1F4CBF650071E3A2 /* Models */ = {
			isa = PBXGroup;
			children = (
				BE58AEAF1F4CBFA80071E3A2 /* Contact.swift */,
			);
			name = Models;
			sourceTree = "<group>";
		};
		BE58AEAB1F4CBF690071E3A2 /* Views */ = {
			isa = PBXGroup;
			children = (
				BE1574AC1F4CBE92003CEAEE /* Main.storyboard */,
			);
			name = Views;
			sourceTree = "<group>";
		};
		BE58AEAC1F4CBF750071E3A2 /* Controllers */ = {
			isa = PBXGroup;
			children = (
				BE58AEB11F4CBFBE0071E3A2 /* ContactListViewController.swift */,
			);
			name = Controllers;
			sourceTree = "<group>";
		};
		BE58AEAD1F4CBF7A0071E3A2 /* ViewModels */ = {
			isa = PBXGroup;
			children = (
				BE58AEB31F4CBFD50071E3A2 /* ContactListViewModel.swift */,
			);
			name = ViewModels;
			sourceTree = "<group>";
		};
		BE58AEAE1F4CBF810071E3A2 /* App */ = {
			isa = PBXGroup;
			children = (
				BE1574AF1F4CBE92003CEAEE /* Assets.xcassets */,
				BE1574B41F4CBE92003CEAEE /* Info.plist */,
				BE1574B11F4CBE92003CEAEE /* LaunchScreen.storyboard */,
				BE1574A81F4CBE92003CEAEE /* AppDelegate.swift */,
			);
			name = App;
			sourceTree = "<group>";
		};
/* End PBXGroup section */

/* Begin PBXNativeTarget section */
		BE1574A41F4CBE92003CEAEE /* RxSwiftWebinar */ = {
			isa = PBXNativeTarget;
			buildConfigurationList = BE1574B71F4CBE92003CEAEE /* Build configuration list for PBXNativeTarget "RxSwiftWebinar" */;
			buildPhases = (
				9F62404F33450D1AEAA2FE6B /* [CP] Check Pods Manifest.lock */,
				BE1574A11F4CBE92003CEAEE /* Sources */,
				BE1574A21F4CBE92003CEAEE /* Frameworks */,
				BE1574A31F4CBE92003CEAEE /* Resources */,
				5087590DD970D6AFB7DB7A35 /* [CP] Embed Pods Frameworks */,
				E623A283873D18A63A61B2C9 /* [CP] Copy Pods Resources */,
			);
			buildRules = (
			);
			dependencies = (
			);
			name = RxSwiftWebinar;
			productName = RxSwiftWebinar;
			productReference = BE1574A51F4CBE92003CEAEE /* RxSwiftWebinar.app */;
			productType = "com.apple.product-type.application";
		};
/* End PBXNativeTarget section */

/* Begin PBXProject section */
		BE15749D1F4CBE92003CEAEE /* Project object */ = {
			isa = PBXProject;
			attributes = {
				LastSwiftUpdateCheck = 0830;
				LastUpgradeCheck = 0830;
				ORGANIZATIONNAME = "Bryan Andres Bolivar Martinez";
				TargetAttributes = {
					BE1574A41F4CBE92003CEAEE = {
						CreatedOnToolsVersion = 8.3.3;
						DevelopmentTeam = K87XPR878Y;
						ProvisioningStyle = Automatic;
					};
				};
			};
			buildConfigurationList = BE1574A01F4CBE92003CEAEE /* Build configuration list for PBXProject "RxSwiftWebinar" */;
			compatibilityVersion = "Xcode 3.2";
			developmentRegion = English;
			hasScannedForEncodings = 0;
			knownRegions = (
				en,
				Base,
			);
			mainGroup = BE15749C1F4CBE92003CEAEE;
			productRefGroup = BE1574A61F4CBE92003CEAEE /* Products */;
			projectDirPath = "";
			projectRoot = "";
			targets = (
				BE1574A41F4CBE92003CEAEE /* RxSwiftWebinar */,
			);
		};
/* End PBXProject section */

/* Begin PBXResourcesBuildPhase section */
		BE1574A31F4CBE92003CEAEE /* Resources */ = {
			isa = PBXResourcesBuildPhase;
			buildActionMask = 2147483647;
			files = (
				BE1574B31F4CBE92003CEAEE /* LaunchScreen.storyboard in Resources */,
				BE1574B01F4CBE92003CEAEE /* Assets.xcassets in Resources */,
				BE1574AE1F4CBE92003CEAEE /* Main.storyboard in Resources */,
			);
			runOnlyForDeploymentPostprocessing = 0;
		};
/* End PBXResourcesBuildPhase section */

/* Begin PBXShellScriptBuildPhase section */
		5087590DD970D6AFB7DB7A35 /* [CP] Embed Pods Frameworks */ = {
			isa = PBXShellScriptBuildPhase;
			buildActionMask = 2147483647;
			files = (
			);
			inputPaths = (
			);
			name = "[CP] Embed Pods Frameworks";
			outputPaths = (
			);
			runOnlyForDeploymentPostprocessing = 0;
			shellPath = /bin/sh;
			shellScript = "\"${SRCROOT}/Pods/Target Support Files/Pods-RxSwiftWebinar/Pods-RxSwiftWebinar-frameworks.sh\"\n";
			showEnvVarsInLog = 0;
		};
		9F62404F33450D1AEAA2FE6B /* [CP] Check Pods Manifest.lock */ = {
			isa = PBXShellScriptBuildPhase;
			buildActionMask = 2147483647;
			files = (
			);
			inputPaths = (
			);
			name = "[CP] Check Pods Manifest.lock";
			outputPaths = (
			);
			runOnlyForDeploymentPostprocessing = 0;
			shellPath = /bin/sh;
			shellScript = "diff \"${PODS_PODFILE_DIR_PATH}/Podfile.lock\" \"${PODS_ROOT}/Manifest.lock\" > /dev/null\nif [ $? != 0 ] ; then\n    # print error to STDERR\n    echo \"error: The sandbox is not in sync with the Podfile.lock. Run 'pod install' or update your CocoaPods installation.\" >&2\n    exit 1\nfi\n";
			showEnvVarsInLog = 0;
		};
		E623A283873D18A63A61B2C9 /* [CP] Copy Pods Resources */ = {
			isa = PBXShellScriptBuildPhase;
			buildActionMask = 2147483647;
			files = (
			);
			inputPaths = (
			);
			name = "[CP] Copy Pods Resources";
			outputPaths = (
			);
			runOnlyForDeploymentPostprocessing = 0;
			shellPath = /bin/sh;
			shellScript = "\"${SRCROOT}/Pods/Target Support Files/Pods-RxSwiftWebinar/Pods-RxSwiftWebinar-resources.sh\"\n";
			showEnvVarsInLog = 0;
		};
/* End PBXShellScriptBuildPhase section */

/* Begin PBXSourcesBuildPhase section */
		BE1574A11F4CBE92003CEAEE /* Sources */ = {
			isa = PBXSourcesBuildPhase;
			buildActionMask = 2147483647;
			files = (
				BE58AEB01F4CBFA80071E3A2 /* Contact.swift in Sources */,
				BE58AEB41F4CBFD50071E3A2 /* ContactListViewModel.swift in Sources */,
				BE1574A91F4CBE92003CEAEE /* AppDelegate.swift in Sources */,
				BE58AEB21F4CBFBE0071E3A2 /* ContactListViewController.swift in Sources */,
			);
			runOnlyForDeploymentPostprocessing = 0;
		};
/* End PBXSourcesBuildPhase section */

/* Begin PBXVariantGroup section */
		BE1574AC1F4CBE92003CEAEE /* Main.storyboard */ = {
			isa = PBXVariantGroup;
			children = (
				BE1574AD1F4CBE92003CEAEE /* Base */,
			);
			name = Main.storyboard;
			sourceTree = "<group>";
		};
		BE1574B11F4CBE92003CEAEE /* LaunchScreen.storyboard */ = {
			isa = PBXVariantGroup;
			children = (
				BE1574B21F4CBE92003CEAEE /* Base */,
			);
			name = LaunchScreen.storyboard;
			sourceTree = "<group>";
		};
/* End PBXVariantGroup section */

/* Begin XCBuildConfiguration section */
		BE1574B51F4CBE92003CEAEE /* Debug */ = {
			isa = XCBuildConfiguration;
			buildSettings = {
				ALWAYS_SEARCH_USER_PATHS = NO;
				CLANG_ANALYZER_NONNULL = YES;
				CLANG_ANALYZER_NUMBER_OBJECT_CONVERSION = YES_AGGRESSIVE;
				CLANG_CXX_LANGUAGE_STANDARD = "gnu++0x";
				CLANG_CXX_LIBRARY = "libc++";
				CLANG_ENABLE_MODULES = YES;
				CLANG_ENABLE_OBJC_ARC = YES;
				CLANG_WARN_BOOL_CONVERSION = YES;
				CLANG_WARN_CONSTANT_CONVERSION = YES;
				CLANG_WARN_DIRECT_OBJC_ISA_USAGE = YES_ERROR;
				CLANG_WARN_DOCUMENTATION_COMMENTS = YES;
				CLANG_WARN_EMPTY_BODY = YES;
				CLANG_WARN_ENUM_CONVERSION = YES;
				CLANG_WARN_INFINITE_RECURSION = YES;
				CLANG_WARN_INT_CONVERSION = YES;
				CLANG_WARN_OBJC_ROOT_CLASS = YES_ERROR;
				CLANG_WARN_SUSPICIOUS_MOVE = YES;
				CLANG_WARN_UNREACHABLE_CODE = YES;
				CLANG_WARN__DUPLICATE_METHOD_MATCH = YES;
				"CODE_SIGN_IDENTITY[sdk=iphoneos*]" = "iPhone Developer";
				COPY_PHASE_STRIP = NO;
				DEBUG_INFORMATION_FORMAT = dwarf;
				ENABLE_STRICT_OBJC_MSGSEND = YES;
				ENABLE_TESTABILITY = YES;
				GCC_C_LANGUAGE_STANDARD = gnu99;
				GCC_DYNAMIC_NO_PIC = NO;
				GCC_NO_COMMON_BLOCKS = YES;
				GCC_OPTIMIZATION_LEVEL = 0;
				GCC_PREPROCESSOR_DEFINITIONS = (
					"DEBUG=1",
					"$(inherited)",
				);
				GCC_WARN_64_TO_32_BIT_CONVERSION = YES;
				GCC_WARN_ABOUT_RETURN_TYPE = YES_ERROR;
				GCC_WARN_UNDECLARED_SELECTOR = YES;
				GCC_WARN_UNINITIALIZED_AUTOS = YES_AGGRESSIVE;
				GCC_WARN_UNUSED_FUNCTION = YES;
				GCC_WARN_UNUSED_VARIABLE = YES;
				IPHONEOS_DEPLOYMENT_TARGET = 10.3;
				MTL_ENABLE_DEBUG_INFO = YES;
				ONLY_ACTIVE_ARCH = YES;
				SDKROOT = iphoneos;
				SWIFT_ACTIVE_COMPILATION_CONDITIONS = DEBUG;
				SWIFT_OPTIMIZATION_LEVEL = "-Onone";
				TARGETED_DEVICE_FAMILY = "1,2";
			};
			name = Debug;
		};
		BE1574B61F4CBE92003CEAEE /* Release */ = {
			isa = XCBuildConfiguration;
			buildSettings = {
				ALWAYS_SEARCH_USER_PATHS = NO;
				CLANG_ANALYZER_NONNULL = YES;
				CLANG_ANALYZER_NUMBER_OBJECT_CONVERSION = YES_AGGRESSIVE;
				CLANG_CXX_LANGUAGE_STANDARD = "gnu++0x";
				CLANG_CXX_LIBRARY = "libc++";
				CLANG_ENABLE_MODULES = YES;
				CLANG_ENABLE_OBJC_ARC = YES;
				CLANG_WARN_BOOL_CONVERSION = YES;
				CLANG_WARN_CONSTANT_CONVERSION = YES;
				CLANG_WARN_DIRECT_OBJC_ISA_USAGE = YES_ERROR;
				CLANG_WARN_DOCUMENTATION_COMMENTS = YES;
				CLANG_WARN_EMPTY_BODY = YES;
				CLANG_WARN_ENUM_CONVERSION = YES;
				CLANG_WARN_INFINITE_RECURSION = YES;
				CLANG_WARN_INT_CONVERSION = YES;
				CLANG_WARN_OBJC_ROOT_CLASS = YES_ERROR;
				CLANG_WARN_SUSPICIOUS_MOVE = YES;
				CLANG_WARN_UNREACHABLE_CODE = YES;
				CLANG_WARN__DUPLICATE_METHOD_MATCH = YES;
				"CODE_SIGN_IDENTITY[sdk=iphoneos*]" = "iPhone Developer";
				COPY_PHASE_STRIP = NO;
				DEBUG_INFORMATION_FORMAT = "dwarf-with-dsym";
				ENABLE_NS_ASSERTIONS = NO;
				ENABLE_STRICT_OBJC_MSGSEND = YES;
				GCC_C_LANGUAGE_STANDARD = gnu99;
				GCC_NO_COMMON_BLOCKS = YES;
				GCC_WARN_64_TO_32_BIT_CONVERSION = YES;
				GCC_WARN_ABOUT_RETURN_TYPE = YES_ERROR;
				GCC_WARN_UNDECLARED_SELECTOR = YES;
				GCC_WARN_UNINITIALIZED_AUTOS = YES_AGGRESSIVE;
				GCC_WARN_UNUSED_FUNCTION = YES;
				GCC_WARN_UNUSED_VARIABLE = YES;
				IPHONEOS_DEPLOYMENT_TARGET = 10.3;
				MTL_ENABLE_DEBUG_INFO = NO;
				SDKROOT = iphoneos;
				SWIFT_OPTIMIZATION_LEVEL = "-Owholemodule";
				TARGETED_DEVICE_FAMILY = "1,2";
				VALIDATE_PRODUCT = YES;
			};
			name = Release;
		};
		BE1574B81F4CBE92003CEAEE /* Debug */ = {
			isa = XCBuildConfiguration;
			baseConfigurationReference = C2013AFBDA57D75AD45E0BF5 /* Pods-RxSwiftWebinar.debug.xcconfig */;
			buildSettings = {
				ASSETCATALOG_COMPILER_APPICON_NAME = AppIcon;
				DEVELOPMENT_TEAM = K87XPR878Y;
				INFOPLIST_FILE = RxSwiftWebinar/Info.plist;
				LD_RUNPATH_SEARCH_PATHS = "$(inherited) @executable_path/Frameworks";
				PRODUCT_BUNDLE_IDENTIFIER = Bolivarbryan.RxSwiftWebinar;
				PRODUCT_NAME = "$(TARGET_NAME)";
				SWIFT_VERSION = 3.0;
			};
			name = Debug;
		};
		BE1574B91F4CBE92003CEAEE /* Release */ = {
			isa = XCBuildConfiguration;
			baseConfigurationReference = D7A8D05D0A209E612AB5EB4B /* Pods-RxSwiftWebinar.release.xcconfig */;
			buildSettings = {
				ASSETCATALOG_COMPILER_APPICON_NAME = AppIcon;
				DEVELOPMENT_TEAM = K87XPR878Y;
				INFOPLIST_FILE = RxSwiftWebinar/Info.plist;
				LD_RUNPATH_SEARCH_PATHS = "$(inherited) @executable_path/Frameworks";
				PRODUCT_BUNDLE_IDENTIFIER = Bolivarbryan.RxSwiftWebinar;
				PRODUCT_NAME = "$(TARGET_NAME)";
				SWIFT_VERSION = 3.0;
			};
			name = Release;
		};
/* End XCBuildConfiguration section */

/* Begin XCConfigurationList section */
		BE1574A01F4CBE92003CEAEE /* Build configuration list for PBXProject "RxSwiftWebinar" */ = {
			isa = XCConfigurationList;
			buildConfigurations = (
				BE1574B51F4CBE92003CEAEE /* Debug */,
				BE1574B61F4CBE92003CEAEE /* Release */,
			);
			defaultConfigurationIsVisible = 0;
			defaultConfigurationName = Release;
		};
		BE1574B71F4CBE92003CEAEE /* Build configuration list for PBXNativeTarget "RxSwiftWebinar" */ = {
			isa = XCConfigurationList;
			buildConfigurations = (
				BE1574B81F4CBE92003CEAEE /* Debug */,
				BE1574B91F4CBE92003CEAEE /* Release */,
			);
			defaultConfigurationIsVisible = 0;
			defaultConfigurationName = Release;
		};
/* End XCConfigurationList section */
	};
	rootObject = BE15749D1F4CBE92003CEAEE /* Project object */;
}
